
Microsoft Visual Studio Solution File, Format Version 12.00
# Visual Studio Version 17
VisualStudioVersion = 17.3.32922.545
MinimumVisualStudioVersion = 10.0.40219.1
Project("{FAE04EC0-301F-11D3-BF4B-00C04F79EFBC}") = "Quiz", "Quiz\Quiz.csproj", "{47DF845A-0EDF-498B-8545-6A5F05CC4B0F}"
EndProject
Global
	GlobalSection(SolutionConfigurationPlatforms) = preSolution
		Debug|Any CPU = Debug|Any CPU
		Release|Any CPU = Release|Any CPU
	EndGlobalSection
	GlobalSection(ProjectConfigurationPlatforms) = postSolution
		{47DF845A-0EDF-498B-8545-6A5F05CC4B0F}.Debug|Any CPU.ActiveCfg = Debug|Any CPU
		{47DF845A-0EDF-498B-8545-6A5F05CC4B0F}.Debug|Any CPU.Build.0 = Debug|Any CPU
		{47DF845A-0EDF-498B-8545-6A5F05CC4B0F}.Release|Any CPU.ActiveCfg = Release|Any CPU
		{47DF845A-0EDF-498B-8545-6A5F05CC4B0F}.Release|Any CPU.Build.0 = Release|Any CPU
	EndGlobalSection
	GlobalSection(SolutionProperties) = preSolution
		HideSolutionNode = FALSE
	EndGlobalSection
	GlobalSection(ExtensibilityGlobals) = postSolution
		SolutionGuid = {EE1986A8-1BA6-41BF-8BAB-C7DC0179ADAB}
	EndGlobalSection
EndGlobal
